<?xml version="1.0" encoding="UTF-8" standalone="yes" ?>
<CodeBlocks_project_file>
	<FileVersion major="1" minor="6" />
	<Project>
		<Option title="ESI-SHARE" />
		<Option pch_mode="2" />
		<Option compiler="gcc" />
		<Build>
			<Target title="Debug">
				<Option output="bin/Debug/ESI-SHARE" prefix_auto="1" extension_auto="1" />
				<Option object_output="obj/Debug/" />
				<Option type="1" />
				<Option compiler="gcc" />
				<Compiler>
					<Add option="-g" />
				</Compiler>
			</Target>
			<Target title="Release">
				<Option output="bin/Release/ESI-SHARE" prefix_auto="1" extension_auto="1" />
				<Option object_output="obj/Release/" />
				<Option type="1" />
				<Option compiler="gcc" />
				<Compiler>
					<Add option="-O2" />
				</Compiler>
				<Linker>
					<Add option="-s" />
				</Linker>
			</Target>
		</Build>
		<Compiler>
			<Add option="-Wall" />
		</Compiler>
		<Unit filename="colores.c">
			<Option compilerVar="CC" />
		</Unit>
		<Unit filename="colores.h" />
		<Unit filename="comprobar_usuario.c">
			<Option compilerVar="CC" />
		</Unit>
		<Unit filename="comprobar_usuario.h" />
		<Unit filename="encontrar.c">
			<Option compilerVar="CC" />
		</Unit>
		<Unit filename="encontrar.h" />
		<Unit filename="escribir.c">
			<Option compilerVar="CC" />
		</Unit>
		<Unit filename="escribir.h" />
		<Unit filename="estructuras.h" />
		<Unit filename="fecha.c">
			<Option compilerVar="CC" />
		</Unit>
		<Unit filename="fecha.h" />
		<Unit filename="leer.c">
			<Option compilerVar="CC" />
		</Unit>
		<Unit filename="leer.h" />
		<Unit filename="listar.c">
			<Option compilerVar="CC" />
		</Unit>
		<Unit filename="listar.h" />
		<Unit filename="main.c">
			<Option compilerVar="CC" />
		</Unit>
		<Unit filename="menus.c">
			<Option compilerVar="CC" />
		</Unit>
		<Unit filename="menus.h" />
		<Unit filename="modificar.c">
			<Option compilerVar="CC" />
		</Unit>
		<Unit filename="modificar.h" />
		<Unit filename="preguntar_localidad.c">
			<Option compilerVar="CC" />
		</Unit>
		<Unit filename="preguntar_localidad.h" />
		<Extensions>
			<lib_finder disable_auto="1" />
		</Extensions>
	</Project>
</CodeBlocks_project_file>
